
Microsoft Visual Studio Solution File, Format Version 12.00
Project("{FAE04EC0-301F-11D3-BF4B-00C04F79EFBC}") = "AergiaConfigurator", "AergiaConfigurator.csproj", "{B999039F-E2D6-480A-A416-FFEC632FF5DA}"
EndProject
Global
	GlobalSection(SolutionConfigurationPlatforms) = preSolution
		Debug|Any CPU = Debug|Any CPU
		Release|Any CPU = Release|Any CPU
	EndGlobalSection
	GlobalSection(ProjectConfigurationPlatforms) = postSolution
		{B999039F-E2D6-480A-A416-FFEC632FF5DA}.Debug|Any CPU.ActiveCfg = Debug|Any CPU
		{B999039F-E2D6-480A-A416-FFEC632FF5DA}.Debug|Any CPU.Build.0 = Debug|Any CPU
		{B999039F-E2D6-480A-A416-FFEC632FF5DA}.Release|Any CPU.ActiveCfg = Release|Any CPU
		{B999039F-E2D6-480A-A416-FFEC632FF5DA}.Release|Any CPU.Build.0 = Release|Any CPU
	EndGlobalSection
EndGlobal
